// !$*UTF8*$!
{
	archiveVersion = 1;
	classes = {
	};
	objectVersion = 56;
	objects = {

/* Begin PBXBuildFile section */
		5C144ADB2B3E41A9007E2E23 /* TermsAgreementView.swift in Sources */ = {isa = PBXBuildFile; fileRef = 5C144ADA2B3E41A9007E2E23 /* TermsAgreementView.swift */; };
		5C144ADD2B3E4221007E2E23 /* AgreementButton.swift in Sources */ = {isa = PBXBuildFile; fileRef = 5C144ADC2B3E4221007E2E23 /* AgreementButton.swift */; };
		5C2124452B3CE5EA00D237D4 /* SignUpViewModel.swift in Sources */ = {isa = PBXBuildFile; fileRef = 5C2124442B3CE5EA00D237D4 /* SignUpViewModel.swift */; };
		5C2124472B3CEB6700D237D4 /* PasswordInputView.swift in Sources */ = {isa = PBXBuildFile; fileRef = 5C2124462B3CEB6700D237D4 /* PasswordInputView.swift */; };
		5C2124492B3CF68200D237D4 /* PasswordConfirmInputView.swift in Sources */ = {isa = PBXBuildFile; fileRef = 5C2124482B3CF68200D237D4 /* PasswordConfirmInputView.swift */; };
		5C21244B2B3CF7DC00D237D4 /* EmailInputView.swift in Sources */ = {isa = PBXBuildFile; fileRef = 5C21244A2B3CF7DC00D237D4 /* EmailInputView.swift */; };
		5C21244D2B3D172000D237D4 /* SignUpVM.swift in Sources */ = {isa = PBXBuildFile; fileRef = 5C21244C2B3D172000D237D4 /* SignUpVM.swift */; };
		5C21244F2B3D415F00D237D4 /* IdInputView.swift in Sources */ = {isa = PBXBuildFile; fileRef = 5C21244E2B3D415F00D237D4 /* IdInputView.swift */; };
		5C2124512B3D438B00D237D4 /* NameInputView.swift in Sources */ = {isa = PBXBuildFile; fileRef = 5C2124502B3D438B00D237D4 /* NameInputView.swift */; };
		5C32B24B2B352B090036CDF2 /* SignInView.swift in Sources */ = {isa = PBXBuildFile; fileRef = 5C32B24A2B352B090036CDF2 /* SignInView.swift */; };
		5C32B24F2B352F4A0036CDF2 /* LaunchScreenView.swift in Sources */ = {isa = PBXBuildFile; fileRef = 5C32B24E2B352F4A0036CDF2 /* LaunchScreenView.swift */; };
		5C561E7E2B33F3AD004C6501 /* CHECKPASSApp.swift in Sources */ = {isa = PBXBuildFile; fileRef = 5C561E7D2B33F3AD004C6501 /* CHECKPASSApp.swift */; };
		5C561E802B33F3AD004C6501 /* ContentView.swift in Sources */ = {isa = PBXBuildFile; fileRef = 5C561E7F2B33F3AD004C6501 /* ContentView.swift */; };
		5C561E822B33F3AE004C6501 /* Assets.xcassets in Resources */ = {isa = PBXBuildFile; fileRef = 5C561E812B33F3AE004C6501 /* Assets.xcassets */; };
		5C561E852B33F3AE004C6501 /* Preview Assets.xcassets in Resources */ = {isa = PBXBuildFile; fileRef = 5C561E842B33F3AE004C6501 /* Preview Assets.xcassets */; };
		5C561E8D2B33F3BF004C6501 /* Alamofire in Frameworks */ = {isa = PBXBuildFile; productRef = 5C561E8C2B33F3BF004C6501 /* Alamofire */; };
		5C9A00862B39AFE40037FC3E /* IdTextFieldView.swift in Sources */ = {isa = PBXBuildFile; fileRef = 5C9A00852B39AFE40037FC3E /* IdTextFieldView.swift */; };
		5C9A00882B39AFF50037FC3E /* PasswordTextFieldView.swift in Sources */ = {isa = PBXBuildFile; fileRef = 5C9A00872B39AFF50037FC3E /* PasswordTextFieldView.swift */; };
		5C9A2A5B2B3B9F18006B176E /* SignUpView.swift in Sources */ = {isa = PBXBuildFile; fileRef = 5C9A2A5A2B3B9F18006B176E /* SignUpView.swift */; };
		5C9A2A612B3BAB6E006B176E /* PickerContents.swift in Sources */ = {isa = PBXBuildFile; fileRef = 5C9A2A602B3BAB6E006B176E /* PickerContents.swift */; };
		5C9A2A662B3BF3A3006B176E /* SignUpInputView.swift in Sources */ = {isa = PBXBuildFile; fileRef = 5C9A2A652B3BF3A3006B176E /* SignUpInputView.swift */; };
		5C9A2A682B3BF8C0006B176E /* SignUpPickerView.swift in Sources */ = {isa = PBXBuildFile; fileRef = 5C9A2A672B3BF8C0006B176E /* SignUpPickerView.swift */; };
		5CA5B1DE2B3A6CCB00DD707C /* KeyBoardViewModel.swift in Sources */ = {isa = PBXBuildFile; fileRef = 5CA5B1DD2B3A6CCB00DD707C /* KeyBoardViewModel.swift */; };
		5CA5B1E22B3AAB6B00DD707C /* CustomColor.swift in Sources */ = {isa = PBXBuildFile; fileRef = 5CA5B1E12B3AAB6B00DD707C /* CustomColor.swift */; };
		5CA5B1E52B3AB0DA00DD707C /* KeyboardVM.swift in Sources */ = {isa = PBXBuildFile; fileRef = 5CA5B1E42B3AB0DA00DD707C /* KeyboardVM.swift */; };
/* End PBXBuildFile section */

/* Begin PBXFileReference section */
		5C144ADA2B3E41A9007E2E23 /* TermsAgreementView.swift */ = {isa = PBXFileReference; lastKnownFileType = sourcecode.swift; path = TermsAgreementView.swift; sourceTree = "<group>"; };
		5C144ADC2B3E4221007E2E23 /* AgreementButton.swift */ = {isa = PBXFileReference; lastKnownFileType = sourcecode.swift; path = AgreementButton.swift; sourceTree = "<group>"; };
		5C2124442B3CE5EA00D237D4 /* SignUpViewModel.swift */ = {isa = PBXFileReference; lastKnownFileType = sourcecode.swift; path = SignUpViewModel.swift; sourceTree = "<group>"; };
		5C2124462B3CEB6700D237D4 /* PasswordInputView.swift */ = {isa = PBXFileReference; lastKnownFileType = sourcecode.swift; path = PasswordInputView.swift; sourceTree = "<group>"; };
		5C2124482B3CF68200D237D4 /* PasswordConfirmInputView.swift */ = {isa = PBXFileReference; lastKnownFileType = sourcecode.swift; path = PasswordConfirmInputView.swift; sourceTree = "<group>"; };
		5C21244A2B3CF7DC00D237D4 /* EmailInputView.swift */ = {isa = PBXFileReference; lastKnownFileType = sourcecode.swift; path = EmailInputView.swift; sourceTree = "<group>"; };
		5C21244C2B3D172000D237D4 /* SignUpVM.swift */ = {isa = PBXFileReference; lastKnownFileType = sourcecode.swift; path = SignUpVM.swift; sourceTree = "<group>"; };
		5C21244E2B3D415F00D237D4 /* IdInputView.swift */ = {isa = PBXFileReference; lastKnownFileType = sourcecode.swift; path = IdInputView.swift; sourceTree = "<group>"; };
		5C2124502B3D438B00D237D4 /* NameInputView.swift */ = {isa = PBXFileReference; lastKnownFileType = sourcecode.swift; path = NameInputView.swift; sourceTree = "<group>"; };
		5C32B24A2B352B090036CDF2 /* SignInView.swift */ = {isa = PBXFileReference; lastKnownFileType = sourcecode.swift; path = SignInView.swift; sourceTree = "<group>"; };
		5C32B24E2B352F4A0036CDF2 /* LaunchScreenView.swift */ = {isa = PBXFileReference; lastKnownFileType = sourcecode.swift; path = LaunchScreenView.swift; sourceTree = "<group>"; };
		5C561E7A2B33F3AD004C6501 /* CHECKPASS.app */ = {isa = PBXFileReference; explicitFileType = wrapper.application; includeInIndex = 0; path = CHECKPASS.app; sourceTree = BUILT_PRODUCTS_DIR; };
		5C561E7D2B33F3AD004C6501 /* CHECKPASSApp.swift */ = {isa = PBXFileReference; lastKnownFileType = sourcecode.swift; path = CHECKPASSApp.swift; sourceTree = "<group>"; };
		5C561E7F2B33F3AD004C6501 /* ContentView.swift */ = {isa = PBXFileReference; lastKnownFileType = sourcecode.swift; path = ContentView.swift; sourceTree = "<group>"; };
		5C561E812B33F3AE004C6501 /* Assets.xcassets */ = {isa = PBXFileReference; lastKnownFileType = folder.assetcatalog; path = Assets.xcassets; sourceTree = "<group>"; };
		5C561E842B33F3AE004C6501 /* Preview Assets.xcassets */ = {isa = PBXFileReference; lastKnownFileType = folder.assetcatalog; path = "Preview Assets.xcassets"; sourceTree = "<group>"; };
		5C9A00852B39AFE40037FC3E /* IdTextFieldView.swift */ = {isa = PBXFileReference; lastKnownFileType = sourcecode.swift; path = IdTextFieldView.swift; sourceTree = "<group>"; };
		5C9A00872B39AFF50037FC3E /* PasswordTextFieldView.swift */ = {isa = PBXFileReference; lastKnownFileType = sourcecode.swift; path = PasswordTextFieldView.swift; sourceTree = "<group>"; };
		5C9A2A5A2B3B9F18006B176E /* SignUpView.swift */ = {isa = PBXFileReference; lastKnownFileType = sourcecode.swift; path = SignUpView.swift; sourceTree = "<group>"; };
		5C9A2A602B3BAB6E006B176E /* PickerContents.swift */ = {isa = PBXFileReference; lastKnownFileType = sourcecode.swift; path = PickerContents.swift; sourceTree = "<group>"; };
		5C9A2A652B3BF3A3006B176E /* SignUpInputView.swift */ = {isa = PBXFileReference; lastKnownFileType = sourcecode.swift; path = SignUpInputView.swift; sourceTree = "<group>"; };
		5C9A2A672B3BF8C0006B176E /* SignUpPickerView.swift */ = {isa = PBXFileReference; lastKnownFileType = sourcecode.swift; path = SignUpPickerView.swift; sourceTree = "<group>"; };
		5CA5B1DD2B3A6CCB00DD707C /* KeyBoardViewModel.swift */ = {isa = PBXFileReference; lastKnownFileType = sourcecode.swift; path = KeyBoardViewModel.swift; sourceTree = "<group>"; };
		5CA5B1E12B3AAB6B00DD707C /* CustomColor.swift */ = {isa = PBXFileReference; lastKnownFileType = sourcecode.swift; path = CustomColor.swift; sourceTree = "<group>"; };
		5CA5B1E42B3AB0DA00DD707C /* KeyboardVM.swift */ = {isa = PBXFileReference; lastKnownFileType = sourcecode.swift; path = KeyboardVM.swift; sourceTree = "<group>"; };
/* End PBXFileReference section */

/* Begin PBXFrameworksBuildPhase section */
		5C561E772B33F3AD004C6501 /* Frameworks */ = {
			isa = PBXFrameworksBuildPhase;
			buildActionMask = 2147483647;
			files = (
				5C561E8D2B33F3BF004C6501 /* Alamofire in Frameworks */,
			);
			runOnlyForDeploymentPostprocessing = 0;
		};
/* End PBXFrameworksBuildPhase section */

/* Begin PBXGroup section */
		5C2124432B3CE5DA00D237D4 /* ViewModel */ = {
			isa = PBXGroup;
			children = (
				5C21244C2B3D172000D237D4 /* SignUpVM.swift */,
				5C2124442B3CE5EA00D237D4 /* SignUpViewModel.swift */,
			);
			path = ViewModel;
			sourceTree = "<group>";
		};
		5C32B2452B3517A40036CDF2 /* Resources */ = {
			isa = PBXGroup;
			children = (
				5C561E812B33F3AE004C6501 /* Assets.xcassets */,
			);
			path = Resources;
			sourceTree = "<group>";
		};
		5C32B2462B352AB90036CDF2 /* Presentation */ = {
			isa = PBXGroup;
			children = (
				5C561E7F2B33F3AD004C6501 /* ContentView.swift */,
				5C9A2A582B3B9C92006B176E /* SignUp */,
				5CA5B1DF2B3AAA8900DD707C /* Keyboard */,
				5C32B24D2B352F330036CDF2 /* LaunchScreen */,
				5C32B2472B352AEB0036CDF2 /* SignIn */,
			);
			path = Presentation;
			sourceTree = "<group>";
		};
		5C32B2472B352AEB0036CDF2 /* SignIn */ = {
			isa = PBXGroup;
			children = (
				5C32B2492B352AF90036CDF2 /* ViewModel */,
				5C32B2482B352AF30036CDF2 /* View */,
			);
			path = SignIn;
			sourceTree = "<group>";
		};
		5C32B2482B352AF30036CDF2 /* View */ = {
			isa = PBXGroup;
			children = (
				5C32B24A2B352B090036CDF2 /* SignInView.swift */,
				5C9A00852B39AFE40037FC3E /* IdTextFieldView.swift */,
				5C9A00872B39AFF50037FC3E /* PasswordTextFieldView.swift */,
			);
			path = View;
			sourceTree = "<group>";
		};
		5C32B2492B352AF90036CDF2 /* ViewModel */ = {
			isa = PBXGroup;
			children = (
			);
			path = ViewModel;
			sourceTree = "<group>";
		};
		5C32B24D2B352F330036CDF2 /* LaunchScreen */ = {
			isa = PBXGroup;
			children = (
				5C32B24E2B352F4A0036CDF2 /* LaunchScreenView.swift */,
			);
			path = LaunchScreen;
			sourceTree = "<group>";
		};
		5C561E712B33F3AD004C6501 = {
			isa = PBXGroup;
			children = (
				5C561E7C2B33F3AD004C6501 /* CHECKPASS */,
				5C561E7B2B33F3AD004C6501 /* Products */,
			);
			sourceTree = "<group>";
		};
		5C561E7B2B33F3AD004C6501 /* Products */ = {
			isa = PBXGroup;
			children = (
				5C561E7A2B33F3AD004C6501 /* CHECKPASS.app */,
			);
			name = Products;
			sourceTree = "<group>";
		};
		5C561E7C2B33F3AD004C6501 /* CHECKPASS */ = {
			isa = PBXGroup;
			children = (
				5C9A2A642B3BE36C006B176E /* Commons */,
				5C32B2462B352AB90036CDF2 /* Presentation */,
				5C561E7D2B33F3AD004C6501 /* CHECKPASSApp.swift */,
				5C32B2452B3517A40036CDF2 /* Resources */,
				5C561E832B33F3AE004C6501 /* Preview Content */,
			);
			path = CHECKPASS;
			sourceTree = "<group>";
		};
		5C561E832B33F3AE004C6501 /* Preview Content */ = {
			isa = PBXGroup;
			children = (
				5C561E842B33F3AE004C6501 /* Preview Assets.xcassets */,
			);
			path = "Preview Content";
			sourceTree = "<group>";
		};
		5C9A2A582B3B9C92006B176E /* SignUp */ = {
			isa = PBXGroup;
			children = (
				5C2124432B3CE5DA00D237D4 /* ViewModel */,
				5C9A2A592B3B9CA2006B176E /* View */,
			);
			path = SignUp;
			sourceTree = "<group>";
		};
		5C9A2A592B3B9CA2006B176E /* View */ = {
			isa = PBXGroup;
			children = (
				5C9A2A5A2B3B9F18006B176E /* SignUpView.swift */,
				5C9A2A652B3BF3A3006B176E /* SignUpInputView.swift */,
				5C9A2A672B3BF8C0006B176E /* SignUpPickerView.swift */,
				5C2124462B3CEB6700D237D4 /* PasswordInputView.swift */,
				5C2124482B3CF68200D237D4 /* PasswordConfirmInputView.swift */,
				5C21244A2B3CF7DC00D237D4 /* EmailInputView.swift */,
				5C21244E2B3D415F00D237D4 /* IdInputView.swift */,
				5C2124502B3D438B00D237D4 /* NameInputView.swift */,
				5C144ADA2B3E41A9007E2E23 /* TermsAgreementView.swift */,
				5C144ADC2B3E4221007E2E23 /* AgreementButton.swift */,
			);
			path = View;
			sourceTree = "<group>";
		};
		5C9A2A642B3BE36C006B176E /* Commons */ = {
			isa = PBXGroup;
			children = (
				5C9A2A602B3BAB6E006B176E /* PickerContents.swift */,
				5CA5B1E12B3AAB6B00DD707C /* CustomColor.swift */,
			);
			path = Commons;
			sourceTree = "<group>";
		};
		5CA5B1DF2B3AAA8900DD707C /* Keyboard */ = {
			isa = PBXGroup;
			children = (
				5CA5B1E42B3AB0DA00DD707C /* KeyboardVM.swift */,
				5CA5B1DD2B3A6CCB00DD707C /* KeyBoardViewModel.swift */,
			);
			path = Keyboard;
			sourceTree = "<group>";
		};
/* End PBXGroup section */

/* Begin PBXNativeTarget section */
		5C561E792B33F3AD004C6501 /* CHECKPASS */ = {
			isa = PBXNativeTarget;
			buildConfigurationList = 5C561E882B33F3AE004C6501 /* Build configuration list for PBXNativeTarget "CHECKPASS" */;
			buildPhases = (
				5C561E762B33F3AD004C6501 /* Sources */,
				5C561E772B33F3AD004C6501 /* Frameworks */,
				5C561E782B33F3AD004C6501 /* Resources */,
			);
			buildRules = (
			);
			dependencies = (
			);
			name = CHECKPASS;
			packageProductDependencies = (
				5C561E8C2B33F3BF004C6501 /* Alamofire */,
			);
			productName = CHECKPASS;
			productReference = 5C561E7A2B33F3AD004C6501 /* CHECKPASS.app */;
			productType = "com.apple.product-type.application";
		};
/* End PBXNativeTarget section */

/* Begin PBXProject section */
		5C561E722B33F3AD004C6501 /* Project object */ = {
			isa = PBXProject;
			attributes = {
				BuildIndependentTargetsInParallel = 1;
				LastSwiftUpdateCheck = 1500;
				LastUpgradeCheck = 1500;
				TargetAttributes = {
					5C561E792B33F3AD004C6501 = {
						CreatedOnToolsVersion = 15.0;
					};
				};
			};
			buildConfigurationList = 5C561E752B33F3AD004C6501 /* Build configuration list for PBXProject "CHECKPASS" */;
			compatibilityVersion = "Xcode 14.0";
			developmentRegion = en;
			hasScannedForEncodings = 0;
			knownRegions = (
				en,
				Base,
			);
			mainGroup = 5C561E712B33F3AD004C6501;
			packageReferences = (
				5C561E8B2B33F3BF004C6501 /* XCRemoteSwiftPackageReference "Alamofire" */,
			);
			productRefGroup = 5C561E7B2B33F3AD004C6501 /* Products */;
			projectDirPath = "";
			projectRoot = "";
			targets = (
				5C561E792B33F3AD004C6501 /* CHECKPASS */,
			);
		};
/* End PBXProject section */

/* Begin PBXResourcesBuildPhase section */
		5C561E782B33F3AD004C6501 /* Resources */ = {
			isa = PBXResourcesBuildPhase;
			buildActionMask = 2147483647;
			files = (
				5C561E852B33F3AE004C6501 /* Preview Assets.xcassets in Resources */,
				5C561E822B33F3AE004C6501 /* Assets.xcassets in Resources */,
			);
			runOnlyForDeploymentPostprocessing = 0;
		};
/* End PBXResourcesBuildPhase section */

/* Begin PBXSourcesBuildPhase section */
		5C561E762B33F3AD004C6501 /* Sources */ = {
			isa = PBXSourcesBuildPhase;
			buildActionMask = 2147483647;
			files = (
				5CA5B1DE2B3A6CCB00DD707C /* KeyBoardViewModel.swift in Sources */,
				5C2124472B3CEB6700D237D4 /* PasswordInputView.swift in Sources */,
				5C144ADD2B3E4221007E2E23 /* AgreementButton.swift in Sources */,
				5C144ADB2B3E41A9007E2E23 /* TermsAgreementView.swift in Sources */,
				5C9A2A662B3BF3A3006B176E /* SignUpInputView.swift in Sources */,
				5CA5B1E52B3AB0DA00DD707C /* KeyboardVM.swift in Sources */,
				5C32B24B2B352B090036CDF2 /* SignInView.swift in Sources */,
				5C2124492B3CF68200D237D4 /* PasswordConfirmInputView.swift in Sources */,
				5C9A00882B39AFF50037FC3E /* PasswordTextFieldView.swift in Sources */,
				5C9A2A682B3BF8C0006B176E /* SignUpPickerView.swift in Sources */,
				5C2124452B3CE5EA00D237D4 /* SignUpViewModel.swift in Sources */,
				5C561E802B33F3AD004C6501 /* ContentView.swift in Sources */,
				5C2124512B3D438B00D237D4 /* NameInputView.swift in Sources */,
				5C21244D2B3D172000D237D4 /* SignUpVM.swift in Sources */,
				5C561E7E2B33F3AD004C6501 /* CHECKPASSApp.swift in Sources */,
				5C9A2A5B2B3B9F18006B176E /* SignUpView.swift in Sources */,
				5C9A2A612B3BAB6E006B176E /* PickerContents.swift in Sources */,
				5C32B24F2B352F4A0036CDF2 /* LaunchScreenView.swift in Sources */,
				5C21244F2B3D415F00D237D4 /* IdInputView.swift in Sources */,
				5CA5B1E22B3AAB6B00DD707C /* CustomColor.swift in Sources */,
				5C9A00862B39AFE40037FC3E /* IdTextFieldView.swift in Sources */,
				5C21244B2B3CF7DC00D237D4 /* EmailInputView.swift in Sources */,
			);
			runOnlyForDeploymentPostprocessing = 0;
		};
/* End PBXSourcesBuildPhase section */

/* Begin XCBuildConfiguration section */
		5C561E862B33F3AE004C6501 /* Debug */ = {
			isa = XCBuildConfiguration;
			buildSettings = {
				ALWAYS_SEARCH_USER_PATHS = NO;
				ASSETCATALOG_COMPILER_GENERATE_SWIFT_ASSET_SYMBOL_EXTENSIONS = YES;
				CLANG_ANALYZER_NONNULL = YES;
				CLANG_ANALYZER_NUMBER_OBJECT_CONVERSION = YES_AGGRESSIVE;
				CLANG_CXX_LANGUAGE_STANDARD = "gnu++20";
				CLANG_ENABLE_MODULES = YES;
				CLANG_ENABLE_OBJC_ARC = YES;
				CLANG_ENABLE_OBJC_WEAK = YES;
				CLANG_WARN_BLOCK_CAPTURE_AUTORELEASING = YES;
				CLANG_WARN_BOOL_CONVERSION = YES;
				CLANG_WARN_COMMA = YES;
				CLANG_WARN_CONSTANT_CONVERSION = YES;
				CLANG_WARN_DEPRECATED_OBJC_IMPLEMENTATIONS = YES;
				CLANG_WARN_DIRECT_OBJC_ISA_USAGE = YES_ERROR;
				CLANG_WARN_DOCUMENTATION_COMMENTS = YES;
				CLANG_WARN_EMPTY_BODY = YES;
				CLANG_WARN_ENUM_CONVERSION = YES;
				CLANG_WARN_INFINITE_RECURSION = YES;
				CLANG_WARN_INT_CONVERSION = YES;
				CLANG_WARN_NON_LITERAL_NULL_CONVERSION = YES;
				CLANG_WARN_OBJC_IMPLICIT_RETAIN_SELF = YES;
				CLANG_WARN_OBJC_LITERAL_CONVERSION = YES;
				CLANG_WARN_OBJC_ROOT_CLASS = YES_ERROR;
				CLANG_WARN_QUOTED_INCLUDE_IN_FRAMEWORK_HEADER = YES;
				CLANG_WARN_RANGE_LOOP_ANALYSIS = YES;
				CLANG_WARN_STRICT_PROTOTYPES = YES;
				CLANG_WARN_SUSPICIOUS_MOVE = YES;
				CLANG_WARN_UNGUARDED_AVAILABILITY = YES_AGGRESSIVE;
				CLANG_WARN_UNREACHABLE_CODE = YES;
				CLANG_WARN__DUPLICATE_METHOD_MATCH = YES;
				COPY_PHASE_STRIP = NO;
				DEBUG_INFORMATION_FORMAT = dwarf;
				ENABLE_STRICT_OBJC_MSGSEND = YES;
				ENABLE_TESTABILITY = YES;
				ENABLE_USER_SCRIPT_SANDBOXING = YES;
				GCC_C_LANGUAGE_STANDARD = gnu17;
				GCC_DYNAMIC_NO_PIC = NO;
				GCC_NO_COMMON_BLOCKS = YES;
				GCC_OPTIMIZATION_LEVEL = 0;
				GCC_PREPROCESSOR_DEFINITIONS = (
					"DEBUG=1",
					"$(inherited)",
				);
				GCC_WARN_64_TO_32_BIT_CONVERSION = YES;
				GCC_WARN_ABOUT_RETURN_TYPE = YES_ERROR;
				GCC_WARN_UNDECLARED_SELECTOR = YES;
				GCC_WARN_UNINITIALIZED_AUTOS = YES_AGGRESSIVE;
				GCC_WARN_UNUSED_FUNCTION = YES;
				GCC_WARN_UNUSED_VARIABLE = YES;
				IPHONEOS_DEPLOYMENT_TARGET = 16.0;
				LOCALIZATION_PREFERS_STRING_CATALOGS = YES;
				MTL_ENABLE_DEBUG_INFO = INCLUDE_SOURCE;
				MTL_FAST_MATH = YES;
				ONLY_ACTIVE_ARCH = YES;
				SDKROOT = iphoneos;
				SWIFT_ACTIVE_COMPILATION_CONDITIONS = "DEBUG $(inherited)";
				SWIFT_OPTIMIZATION_LEVEL = "-Onone";
			};
			name = Debug;
		};
		5C561E872B33F3AE004C6501 /* Release */ = {
			isa = XCBuildConfiguration;
			buildSettings = {
				ALWAYS_SEARCH_USER_PATHS = NO;
				ASSETCATALOG_COMPILER_GENERATE_SWIFT_ASSET_SYMBOL_EXTENSIONS = YES;
				CLANG_ANALYZER_NONNULL = YES;
				CLANG_ANALYZER_NUMBER_OBJECT_CONVERSION = YES_AGGRESSIVE;
				CLANG_CXX_LANGUAGE_STANDARD = "gnu++20";
				CLANG_ENABLE_MODULES = YES;
				CLANG_ENABLE_OBJC_ARC = YES;
				CLANG_ENABLE_OBJC_WEAK = YES;
				CLANG_WARN_BLOCK_CAPTURE_AUTORELEASING = YES;
				CLANG_WARN_BOOL_CONVERSION = YES;
				CLANG_WARN_COMMA = YES;
				CLANG_WARN_CONSTANT_CONVERSION = YES;
				CLANG_WARN_DEPRECATED_OBJC_IMPLEMENTATIONS = YES;
				CLANG_WARN_DIRECT_OBJC_ISA_USAGE = YES_ERROR;
				CLANG_WARN_DOCUMENTATION_COMMENTS = YES;
				CLANG_WARN_EMPTY_BODY = YES;
				CLANG_WARN_ENUM_CONVERSION = YES;
				CLANG_WARN_INFINITE_RECURSION = YES;
				CLANG_WARN_INT_CONVERSION = YES;
				CLANG_WARN_NON_LITERAL_NULL_CONVERSION = YES;
				CLANG_WARN_OBJC_IMPLICIT_RETAIN_SELF = YES;
				CLANG_WARN_OBJC_LITERAL_CONVERSION = YES;
				CLANG_WARN_OBJC_ROOT_CLASS = YES_ERROR;
				CLANG_WARN_QUOTED_INCLUDE_IN_FRAMEWORK_HEADER = YES;
				CLANG_WARN_RANGE_LOOP_ANALYSIS = YES;
				CLANG_WARN_STRICT_PROTOTYPES = YES;
				CLANG_WARN_SUSPICIOUS_MOVE = YES;
				CLANG_WARN_UNGUARDED_AVAILABILITY = YES_AGGRESSIVE;
				CLANG_WARN_UNREACHABLE_CODE = YES;
				CLANG_WARN__DUPLICATE_METHOD_MATCH = YES;
				COPY_PHASE_STRIP = NO;
				DEBUG_INFORMATION_FORMAT = "dwarf-with-dsym";
				ENABLE_NS_ASSERTIONS = NO;
				ENABLE_STRICT_OBJC_MSGSEND = YES;
				ENABLE_USER_SCRIPT_SANDBOXING = YES;
				GCC_C_LANGUAGE_STANDARD = gnu17;
				GCC_NO_COMMON_BLOCKS = YES;
				GCC_WARN_64_TO_32_BIT_CONVERSION = YES;
				GCC_WARN_ABOUT_RETURN_TYPE = YES_ERROR;
				GCC_WARN_UNDECLARED_SELECTOR = YES;
				GCC_WARN_UNINITIALIZED_AUTOS = YES_AGGRESSIVE;
				GCC_WARN_UNUSED_FUNCTION = YES;
				GCC_WARN_UNUSED_VARIABLE = YES;
				IPHONEOS_DEPLOYMENT_TARGET = 16.0;
				LOCALIZATION_PREFERS_STRING_CATALOGS = YES;
				MTL_ENABLE_DEBUG_INFO = NO;
				MTL_FAST_MATH = YES;
				SDKROOT = iphoneos;
				SWIFT_COMPILATION_MODE = wholemodule;
				VALIDATE_PRODUCT = YES;
			};
			name = Release;
		};
		5C561E892B33F3AE004C6501 /* Debug */ = {
			isa = XCBuildConfiguration;
			buildSettings = {
				ASSETCATALOG_COMPILER_APPICON_NAME = AppIcon;
				ASSETCATALOG_COMPILER_GLOBAL_ACCENT_COLOR_NAME = AccentColor;
				CODE_SIGN_STYLE = Automatic;
				CURRENT_PROJECT_VERSION = 1;
				DEVELOPMENT_ASSET_PATHS = "\"CHECKPASS/Preview Content\"";
				DEVELOPMENT_TEAM = QHK65XFL8U;
				ENABLE_PREVIEWS = YES;
				GENERATE_INFOPLIST_FILE = YES;
				INFOPLIST_KEY_LSApplicationCategoryType = "public.app-category.education";
				INFOPLIST_KEY_UIApplicationSceneManifest_Generation = YES;
				INFOPLIST_KEY_UIApplicationSupportsIndirectInputEvents = YES;
				INFOPLIST_KEY_UILaunchScreen_Generation = YES;
				INFOPLIST_KEY_UISupportedInterfaceOrientations_iPad = "UIInterfaceOrientationPortrait UIInterfaceOrientationPortraitUpsideDown UIInterfaceOrientationLandscapeLeft UIInterfaceOrientationLandscapeRight";
				INFOPLIST_KEY_UISupportedInterfaceOrientations_iPhone = "UIInterfaceOrientationPortrait UIInterfaceOrientationLandscapeLeft UIInterfaceOrientationLandscapeRight";
				IPHONEOS_DEPLOYMENT_TARGET = 16.0;
				LD_RUNPATH_SEARCH_PATHS = (
					"$(inherited)",
					"@executable_path/Frameworks",
				);
				MARKETING_VERSION = 1.0;
				PRODUCT_BUNDLE_IDENTIFIER = com.myCompany.CHECKPASS;
				PRODUCT_NAME = "$(TARGET_NAME)";
				SUPPORTED_PLATFORMS = "iphoneos iphonesimulator";
				SUPPORTS_MACCATALYST = NO;
				SUPPORTS_MAC_DESIGNED_FOR_IPHONE_IPAD = NO;
				SWIFT_EMIT_LOC_STRINGS = YES;
				SWIFT_VERSION = 5.0;
				TARGETED_DEVICE_FAMILY = 1;
			};
			name = Debug;
		};
		5C561E8A2B33F3AE004C6501 /* Release */ = {
			isa = XCBuildConfiguration;
			buildSettings = {
				ASSETCATALOG_COMPILER_APPICON_NAME = AppIcon;
				ASSETCATALOG_COMPILER_GLOBAL_ACCENT_COLOR_NAME = AccentColor;
				CODE_SIGN_STYLE = Automatic;
				CURRENT_PROJECT_VERSION = 1;
				DEVELOPMENT_ASSET_PATHS = "\"CHECKPASS/Preview Content\"";
				DEVELOPMENT_TEAM = QHK65XFL8U;
				ENABLE_PREVIEWS = YES;
				GENERATE_INFOPLIST_FILE = YES;
				INFOPLIST_KEY_LSApplicationCategoryType = "public.app-category.education";
				INFOPLIST_KEY_UIApplicationSceneManifest_Generation = YES;
				INFOPLIST_KEY_UIApplicationSupportsIndirectInputEvents = YES;
				INFOPLIST_KEY_UILaunchScreen_Generation = YES;
				INFOPLIST_KEY_UISupportedInterfaceOrientations_iPad = "UIInterfaceOrientationPortrait UIInterfaceOrientationPortraitUpsideDown UIInterfaceOrientationLandscapeLeft UIInterfaceOrientationLandscapeRight";
				INFOPLIST_KEY_UISupportedInterfaceOrientations_iPhone = "UIInterfaceOrientationPortrait UIInterfaceOrientationLandscapeLeft UIInterfaceOrientationLandscapeRight";
				IPHONEOS_DEPLOYMENT_TARGET = 16.0;
				LD_RUNPATH_SEARCH_PATHS = (
					"$(inherited)",
					"@executable_path/Frameworks",
				);
				MARKETING_VERSION = 1.0;
				PRODUCT_BUNDLE_IDENTIFIER = com.myCompany.CHECKPASS;
				PRODUCT_NAME = "$(TARGET_NAME)";
				SUPPORTED_PLATFORMS = "iphoneos iphonesimulator";
				SUPPORTS_MACCATALYST = NO;
				SUPPORTS_MAC_DESIGNED_FOR_IPHONE_IPAD = NO;
				SWIFT_EMIT_LOC_STRINGS = YES;
				SWIFT_VERSION = 5.0;
				TARGETED_DEVICE_FAMILY = 1;
			};
			name = Release;
		};
/* End XCBuildConfiguration section */

/* Begin XCConfigurationList section */
		5C561E752B33F3AD004C6501 /* Build configuration list for PBXProject "CHECKPASS" */ = {
			isa = XCConfigurationList;
			buildConfigurations = (
				5C561E862B33F3AE004C6501 /* Debug */,
				5C561E872B33F3AE004C6501 /* Release */,
			);
			defaultConfigurationIsVisible = 0;
			defaultConfigurationName = Release;
		};
		5C561E882B33F3AE004C6501 /* Build configuration list for PBXNativeTarget "CHECKPASS" */ = {
			isa = XCConfigurationList;
			buildConfigurations = (
				5C561E892B33F3AE004C6501 /* Debug */,
				5C561E8A2B33F3AE004C6501 /* Release */,
			);
			defaultConfigurationIsVisible = 0;
			defaultConfigurationName = Release;
		};
/* End XCConfigurationList section */

/* Begin XCRemoteSwiftPackageReference section */
		5C561E8B2B33F3BF004C6501 /* XCRemoteSwiftPackageReference "Alamofire" */ = {
			isa = XCRemoteSwiftPackageReference;
			repositoryURL = "https://github.com/Alamofire/Alamofire.git";
			requirement = {
				kind = upToNextMajorVersion;
				minimumVersion = 5.8.1;
			};
		};
/* End XCRemoteSwiftPackageReference section */

/* Begin XCSwiftPackageProductDependency section */
		5C561E8C2B33F3BF004C6501 /* Alamofire */ = {
			isa = XCSwiftPackageProductDependency;
			package = 5C561E8B2B33F3BF004C6501 /* XCRemoteSwiftPackageReference "Alamofire" */;
			productName = Alamofire;
		};
/* End XCSwiftPackageProductDependency section */
	};
	rootObject = 5C561E722B33F3AD004C6501 /* Project object */;
}
